
Microsoft Visual Studio Solution File, Format Version 12.00
# Visual Studio Version 16
VisualStudioVersion = 16.0.30907.101
MinimumVisualStudioVersion = 10.0.40219.1
Project("{FAE04EC0-301F-11D3-BF4B-00C04F79EFBC}") = "CopyFromUrlTest", "CopyFromUrlTest\CopyFromUrlTest.csproj", "{BC742C22-1B7F-4EB6-8435-83D91B946DA9}"
EndProject
Global
	GlobalSection(SolutionConfigurationPlatforms) = preSolution
		Debug|Any CPU = Debug|Any CPU
		Release|Any CPU = Release|Any CPU
	EndGlobalSection
	GlobalSection(ProjectConfigurationPlatforms) = postSolution
		{BC742C22-1B7F-4EB6-8435-83D91B946DA9}.Debug|Any CPU.ActiveCfg = Debug|Any CPU
		{BC742C22-1B7F-4EB6-8435-83D91B946DA9}.Debug|Any CPU.Build.0 = Debug|Any CPU
		{BC742C22-1B7F-4EB6-8435-83D91B946DA9}.Release|Any CPU.ActiveCfg = Release|Any CPU
		{BC742C22-1B7F-4EB6-8435-83D91B946DA9}.Release|Any CPU.Build.0 = Release|Any CPU
	EndGlobalSection
	GlobalSection(SolutionProperties) = preSolution
		HideSolutionNode = FALSE
	EndGlobalSection
	GlobalSection(ExtensibilityGlobals) = postSolution
		SolutionGuid = {8F742FDF-6227-4397-9B75-3FEC6ED6ADED}
	EndGlobalSection
EndGlobal
